// !$*UTF8*$!
{
	archiveVersion = 1;
	classes = {
	};
	objectVersion = 56;
	objects = {

/* Begin PBXBuildFile section */
		A4367C382C96BB7E0001E8BA /* HomeViewModel.swift in Sources */ = {isa = PBXBuildFile; fileRef = A4367C372C96BB7E0001E8BA /* HomeViewModel.swift */; };
		A4367C3A2C96BF8D0001E8BA /* MoviePaginationResponse.swift in Sources */ = {isa = PBXBuildFile; fileRef = A4367C392C96BF8D0001E8BA /* MoviePaginationResponse.swift */; };
		A4367C3E2C96C36E0001E8BA /* Kingfisher in Frameworks */ = {isa = PBXBuildFile; productRef = A4367C3D2C96C36E0001E8BA /* Kingfisher */; };
		A4367C402C96C39B0001E8BA /* ImageView.swift in Sources */ = {isa = PBXBuildFile; fileRef = A4367C3F2C96C39B0001E8BA /* ImageView.swift */; };
		A46E0ECA2C95F8860078F023 /* MoviesChallengeApp.swift in Sources */ = {isa = PBXBuildFile; fileRef = A46E0EC92C95F8860078F023 /* MoviesChallengeApp.swift */; };
		A46E0ED02C95F8870078F023 /* Assets.xcassets in Resources */ = {isa = PBXBuildFile; fileRef = A46E0ECF2C95F8870078F023 /* Assets.xcassets */; };
		A46E0ED32C95F8870078F023 /* Preview Assets.xcassets in Resources */ = {isa = PBXBuildFile; fileRef = A46E0ED22C95F8870078F023 /* Preview Assets.xcassets */; };
		A46E0EDD2C95F8870078F023 /* MoviesChallengeTests.swift in Sources */ = {isa = PBXBuildFile; fileRef = A46E0EDC2C95F8870078F023 /* MoviesChallengeTests.swift */; };
		A46E0EE72C95F8870078F023 /* MoviesChallengeUITests.swift in Sources */ = {isa = PBXBuildFile; fileRef = A46E0EE62C95F8870078F023 /* MoviesChallengeUITests.swift */; };
		A46E0EE92C95F8870078F023 /* MoviesChallengeUITestsLaunchTests.swift in Sources */ = {isa = PBXBuildFile; fileRef = A46E0EE82C95F8870078F023 /* MoviesChallengeUITestsLaunchTests.swift */; };
		A46E0EF72C960B030078F023 /* ModelContainerBuilder.swift in Sources */ = {isa = PBXBuildFile; fileRef = A46E0EF62C960B030078F023 /* ModelContainerBuilder.swift */; };
		A46E0EF92C9624F80078F023 /* ModelListManager.swift in Sources */ = {isa = PBXBuildFile; fileRef = A46E0EF82C9624F80078F023 /* ModelListManager.swift */; };
		A46E0EFD2C9636050078F023 /* Movie.swift in Sources */ = {isa = PBXBuildFile; fileRef = A46E0EFC2C9636050078F023 /* Movie.swift */; };
		A46E0F012C96461F0078F023 /* Genre.swift in Sources */ = {isa = PBXBuildFile; fileRef = A46E0F002C96461F0078F023 /* Genre.swift */; };
		A46E0F052C9650190078F023 /* MainTabView.swift in Sources */ = {isa = PBXBuildFile; fileRef = A46E0F042C9650190078F023 /* MainTabView.swift */; };
		A46E0F072C9651300078F023 /* Tab.swift in Sources */ = {isa = PBXBuildFile; fileRef = A46E0F062C9651300078F023 /* Tab.swift */; };
		A46E0F0D2C96576F0078F023 /* MainTabViewModel.swift in Sources */ = {isa = PBXBuildFile; fileRef = A46E0F0C2C96576F0078F023 /* MainTabViewModel.swift */; };
		A46E0F0F2C965DD50078F023 /* HomeView.swift in Sources */ = {isa = PBXBuildFile; fileRef = A46E0F0E2C965DD50078F023 /* HomeView.swift */; };
		A46E0F122C967DE00078F023 /* MovieService.swift in Sources */ = {isa = PBXBuildFile; fileRef = A46E0F112C967DE00078F023 /* MovieService.swift */; };
		A46E0F152C967FFB0078F023 /* NetworkManager.swift in Sources */ = {isa = PBXBuildFile; fileRef = A46E0F142C967FFB0078F023 /* NetworkManager.swift */; };
		A46E0F172C9680D30078F023 /* CachePlugin.swift in Sources */ = {isa = PBXBuildFile; fileRef = A46E0F162C9680D30078F023 /* CachePlugin.swift */; };
		A46E0F1C2C96910B0078F023 /* JSONDecoder+Extensions.swift in Sources */ = {isa = PBXBuildFile; fileRef = A46E0F1B2C96910B0078F023 /* JSONDecoder+Extensions.swift */; };
		A46E0F212C9699BA0078F023 /* Constants.swift in Sources */ = {isa = PBXBuildFile; fileRef = A46E0F202C9699BA0078F023 /* Constants.swift */; };
		A46E0F272C969D800078F023 /* Moya in Frameworks */ = {isa = PBXBuildFile; productRef = A46E0F262C969D800078F023 /* Moya */; };
		A46E0F2A2C969E040078F023 /* MovieTarget.swift in Sources */ = {isa = PBXBuildFile; fileRef = A46E0F292C969E040078F023 /* MovieTarget.swift */; };
		A4964D932C96CC990055963F /* ConfigurationService.swift in Sources */ = {isa = PBXBuildFile; fileRef = A4964D922C96CC990055963F /* ConfigurationService.swift */; };
		A4964D982C96CD800055963F /* ConfigurationResponse.swift in Sources */ = {isa = PBXBuildFile; fileRef = A4964D972C96CD800055963F /* ConfigurationResponse.swift */; };
		A4964D9A2C96D08D0055963F /* MovieAPIConfigurationSaver.swift in Sources */ = {isa = PBXBuildFile; fileRef = A4964D992C96D08D0055963F /* MovieAPIConfigurationSaver.swift */; };
		A4964D9D2C96D7950055963F /* Storage.swift in Sources */ = {isa = PBXBuildFile; fileRef = A4964D9C2C96D7950055963F /* Storage.swift */; };
		A4964DA12C96DA190055963F /* StorageKey.swift in Sources */ = {isa = PBXBuildFile; fileRef = A4964DA02C96DA190055963F /* StorageKey.swift */; };
		A4964DA32C96DC680055963F /* ImageURLBuilder.swift in Sources */ = {isa = PBXBuildFile; fileRef = A4964DA22C96DC680055963F /* ImageURLBuilder.swift */; };
		A4964DA72C96F2E70055963F /* SectionsPicker.swift in Sources */ = {isa = PBXBuildFile; fileRef = A4964DA62C96F2E70055963F /* SectionsPicker.swift */; };
		A4964DAA2C96F6430055963F /* Titleable.swift in Sources */ = {isa = PBXBuildFile; fileRef = A4964DA92C96F6430055963F /* Titleable.swift */; };
		A4964DAC2C96F7350055963F /* HomeCategory.swift in Sources */ = {isa = PBXBuildFile; fileRef = A4964DAB2C96F7350055963F /* HomeCategory.swift */; };
		A4964DAE2C96F9220055963F /* VerticalGrid.swift in Sources */ = {isa = PBXBuildFile; fileRef = A4964DAD2C96F9220055963F /* VerticalGrid.swift */; };
		A4964DB12C9701810055963F /* SearchView.swift in Sources */ = {isa = PBXBuildFile; fileRef = A4964DB02C9701810055963F /* SearchView.swift */; };
		A4964DB32C9702330055963F /* MovieRow.swift in Sources */ = {isa = PBXBuildFile; fileRef = A4964DB22C9702330055963F /* MovieRow.swift */; };
		A4964DB52C9706040055963F /* SearchViewModel.swift in Sources */ = {isa = PBXBuildFile; fileRef = A4964DB42C9706040055963F /* SearchViewModel.swift */; };
		A4964DB72C9713880055963F /* DateFormatter+Extensions.swift in Sources */ = {isa = PBXBuildFile; fileRef = A4964DB62C9713880055963F /* DateFormatter+Extensions.swift */; };
		A4964DBA2C971C060055963F /* MovieDetails.swift in Sources */ = {isa = PBXBuildFile; fileRef = A4964DB92C971C060055963F /* MovieDetails.swift */; };
		A4964DBC2C971DD00055963F /* Video.swift in Sources */ = {isa = PBXBuildFile; fileRef = A4964DBB2C971DD00055963F /* Video.swift */; };
		A4964DBF2C971E040055963F /* VideosService.swift in Sources */ = {isa = PBXBuildFile; fileRef = A4964DBE2C971E040055963F /* VideosService.swift */; };
		A4964DC12C971E460055963F /* VideosResponse.swift in Sources */ = {isa = PBXBuildFile; fileRef = A4964DC02C971E460055963F /* VideosResponse.swift */; };
		A4964DC52C9721050055963F /* YoutubePlayerViewRepresentable.swift in Sources */ = {isa = PBXBuildFile; fileRef = A4964DC42C9721050055963F /* YoutubePlayerViewRepresentable.swift */; };
		A4964DC72C9721230055963F /* YouTubeiOSPlayerHelper in Frameworks */ = {isa = PBXBuildFile; productRef = A4964DC62C9721230055963F /* YouTubeiOSPlayerHelper */; };
		A4964DC92C9721D00055963F /* MovieDetailsViewModel.swift in Sources */ = {isa = PBXBuildFile; fileRef = A4964DC82C9721D00055963F /* MovieDetailsViewModel.swift */; };
		A4964DCF2C9731460055963F /* LoadingPlayButton.swift in Sources */ = {isa = PBXBuildFile; fileRef = A4964DCE2C9731460055963F /* LoadingPlayButton.swift */; };
		A4964DD12C9739CF0055963F /* InfoLabel.swift in Sources */ = {isa = PBXBuildFile; fileRef = A4964DD02C9739CF0055963F /* InfoLabel.swift */; };
		A4964DD52C9740DA0055963F /* WatchListItem.swift in Sources */ = {isa = PBXBuildFile; fileRef = A4964DD42C9740DA0055963F /* WatchListItem.swift */; };
		A4964DDD2C974E820055963F /* WatchList.swift in Sources */ = {isa = PBXBuildFile; fileRef = A4964DDC2C974E820055963F /* WatchList.swift */; };
		A4964DDF2C974E950055963F /* WatchListViewModel.swift in Sources */ = {isa = PBXBuildFile; fileRef = A4964DDE2C974E950055963F /* WatchListViewModel.swift */; };
/* End PBXBuildFile section */

/* Begin PBXContainerItemProxy section */
		A46E0ED92C95F8870078F023 /* PBXContainerItemProxy */ = {
			isa = PBXContainerItemProxy;
			containerPortal = A46E0EBE2C95F8860078F023 /* Project object */;
			proxyType = 1;
			remoteGlobalIDString = A46E0EC52C95F8860078F023;
			remoteInfo = MoviesChallenge;
		};
		A46E0EE32C95F8870078F023 /* PBXContainerItemProxy */ = {
			isa = PBXContainerItemProxy;
			containerPortal = A46E0EBE2C95F8860078F023 /* Project object */;
			proxyType = 1;
			remoteGlobalIDString = A46E0EC52C95F8860078F023;
			remoteInfo = MoviesChallenge;
		};
/* End PBXContainerItemProxy section */

/* Begin PBXFileReference section */
		A4367C372C96BB7E0001E8BA /* HomeViewModel.swift */ = {isa = PBXFileReference; lastKnownFileType = sourcecode.swift; path = HomeViewModel.swift; sourceTree = "<group>"; };
		A4367C392C96BF8D0001E8BA /* MoviePaginationResponse.swift */ = {isa = PBXFileReference; lastKnownFileType = sourcecode.swift; path = MoviePaginationResponse.swift; sourceTree = "<group>"; };
		A4367C3F2C96C39B0001E8BA /* ImageView.swift */ = {isa = PBXFileReference; lastKnownFileType = sourcecode.swift; path = ImageView.swift; sourceTree = "<group>"; };
		A46E0EC62C95F8860078F023 /* MoviesChallenge.app */ = {isa = PBXFileReference; explicitFileType = wrapper.application; includeInIndex = 0; path = MoviesChallenge.app; sourceTree = BUILT_PRODUCTS_DIR; };
		A46E0EC92C95F8860078F023 /* MoviesChallengeApp.swift */ = {isa = PBXFileReference; lastKnownFileType = sourcecode.swift; path = MoviesChallengeApp.swift; sourceTree = "<group>"; };
		A46E0ECF2C95F8870078F023 /* Assets.xcassets */ = {isa = PBXFileReference; lastKnownFileType = folder.assetcatalog; path = Assets.xcassets; sourceTree = "<group>"; };
		A46E0ED22C95F8870078F023 /* Preview Assets.xcassets */ = {isa = PBXFileReference; lastKnownFileType = folder.assetcatalog; path = "Preview Assets.xcassets"; sourceTree = "<group>"; };
		A46E0ED82C95F8870078F023 /* MoviesChallengeTests.xctest */ = {isa = PBXFileReference; explicitFileType = wrapper.cfbundle; includeInIndex = 0; path = MoviesChallengeTests.xctest; sourceTree = BUILT_PRODUCTS_DIR; };
		A46E0EDC2C95F8870078F023 /* MoviesChallengeTests.swift */ = {isa = PBXFileReference; lastKnownFileType = sourcecode.swift; path = MoviesChallengeTests.swift; sourceTree = "<group>"; };
		A46E0EE22C95F8870078F023 /* MoviesChallengeUITests.xctest */ = {isa = PBXFileReference; explicitFileType = wrapper.cfbundle; includeInIndex = 0; path = MoviesChallengeUITests.xctest; sourceTree = BUILT_PRODUCTS_DIR; };
		A46E0EE62C95F8870078F023 /* MoviesChallengeUITests.swift */ = {isa = PBXFileReference; lastKnownFileType = sourcecode.swift; path = MoviesChallengeUITests.swift; sourceTree = "<group>"; };
		A46E0EE82C95F8870078F023 /* MoviesChallengeUITestsLaunchTests.swift */ = {isa = PBXFileReference; lastKnownFileType = sourcecode.swift; path = MoviesChallengeUITestsLaunchTests.swift; sourceTree = "<group>"; };
		A46E0EF62C960B030078F023 /* ModelContainerBuilder.swift */ = {isa = PBXFileReference; lastKnownFileType = sourcecode.swift; path = ModelContainerBuilder.swift; sourceTree = "<group>"; };
		A46E0EF82C9624F80078F023 /* ModelListManager.swift */ = {isa = PBXFileReference; lastKnownFileType = sourcecode.swift; path = ModelListManager.swift; sourceTree = "<group>"; };
		A46E0EFC2C9636050078F023 /* Movie.swift */ = {isa = PBXFileReference; lastKnownFileType = sourcecode.swift; path = Movie.swift; sourceTree = "<group>"; };
		A46E0F002C96461F0078F023 /* Genre.swift */ = {isa = PBXFileReference; lastKnownFileType = sourcecode.swift; path = Genre.swift; sourceTree = "<group>"; };
		A46E0F042C9650190078F023 /* MainTabView.swift */ = {isa = PBXFileReference; lastKnownFileType = sourcecode.swift; path = MainTabView.swift; sourceTree = "<group>"; };
		A46E0F062C9651300078F023 /* Tab.swift */ = {isa = PBXFileReference; lastKnownFileType = sourcecode.swift; path = Tab.swift; sourceTree = "<group>"; };
		A46E0F0C2C96576F0078F023 /* MainTabViewModel.swift */ = {isa = PBXFileReference; lastKnownFileType = sourcecode.swift; path = MainTabViewModel.swift; sourceTree = "<group>"; };
		A46E0F0E2C965DD50078F023 /* HomeView.swift */ = {isa = PBXFileReference; lastKnownFileType = sourcecode.swift; path = HomeView.swift; sourceTree = "<group>"; };
		A46E0F112C967DE00078F023 /* MovieService.swift */ = {isa = PBXFileReference; lastKnownFileType = sourcecode.swift; path = MovieService.swift; sourceTree = "<group>"; };
		A46E0F142C967FFB0078F023 /* NetworkManager.swift */ = {isa = PBXFileReference; lastKnownFileType = sourcecode.swift; path = NetworkManager.swift; sourceTree = "<group>"; };
		A46E0F162C9680D30078F023 /* CachePlugin.swift */ = {isa = PBXFileReference; lastKnownFileType = sourcecode.swift; path = CachePlugin.swift; sourceTree = "<group>"; };
		A46E0F1B2C96910B0078F023 /* JSONDecoder+Extensions.swift */ = {isa = PBXFileReference; lastKnownFileType = sourcecode.swift; path = "JSONDecoder+Extensions.swift"; sourceTree = "<group>"; };
		A46E0F202C9699BA0078F023 /* Constants.swift */ = {isa = PBXFileReference; lastKnownFileType = sourcecode.swift; path = Constants.swift; sourceTree = "<group>"; };
		A46E0F292C969E040078F023 /* MovieTarget.swift */ = {isa = PBXFileReference; lastKnownFileType = sourcecode.swift; path = MovieTarget.swift; sourceTree = "<group>"; };
		A4964D922C96CC990055963F /* ConfigurationService.swift */ = {isa = PBXFileReference; lastKnownFileType = sourcecode.swift; path = ConfigurationService.swift; sourceTree = "<group>"; };
		A4964D972C96CD800055963F /* ConfigurationResponse.swift */ = {isa = PBXFileReference; lastKnownFileType = sourcecode.swift; path = ConfigurationResponse.swift; sourceTree = "<group>"; };
		A4964D992C96D08D0055963F /* MovieAPIConfigurationSaver.swift */ = {isa = PBXFileReference; lastKnownFileType = sourcecode.swift; path = MovieAPIConfigurationSaver.swift; sourceTree = "<group>"; };
		A4964D9C2C96D7950055963F /* Storage.swift */ = {isa = PBXFileReference; lastKnownFileType = sourcecode.swift; path = Storage.swift; sourceTree = "<group>"; };
		A4964DA02C96DA190055963F /* StorageKey.swift */ = {isa = PBXFileReference; lastKnownFileType = sourcecode.swift; path = StorageKey.swift; sourceTree = "<group>"; };
		A4964DA22C96DC680055963F /* ImageURLBuilder.swift */ = {isa = PBXFileReference; lastKnownFileType = sourcecode.swift; path = ImageURLBuilder.swift; sourceTree = "<group>"; };
		A4964DA62C96F2E70055963F /* SectionsPicker.swift */ = {isa = PBXFileReference; lastKnownFileType = sourcecode.swift; path = SectionsPicker.swift; sourceTree = "<group>"; };
		A4964DA92C96F6430055963F /* Titleable.swift */ = {isa = PBXFileReference; lastKnownFileType = sourcecode.swift; path = Titleable.swift; sourceTree = "<group>"; };
		A4964DAB2C96F7350055963F /* HomeCategory.swift */ = {isa = PBXFileReference; lastKnownFileType = sourcecode.swift; path = HomeCategory.swift; sourceTree = "<group>"; };
		A4964DAD2C96F9220055963F /* VerticalGrid.swift */ = {isa = PBXFileReference; lastKnownFileType = sourcecode.swift; path = VerticalGrid.swift; sourceTree = "<group>"; };
		A4964DB02C9701810055963F /* SearchView.swift */ = {isa = PBXFileReference; lastKnownFileType = sourcecode.swift; path = SearchView.swift; sourceTree = "<group>"; };
		A4964DB22C9702330055963F /* MovieRow.swift */ = {isa = PBXFileReference; lastKnownFileType = sourcecode.swift; path = MovieRow.swift; sourceTree = "<group>"; };
		A4964DB42C9706040055963F /* SearchViewModel.swift */ = {isa = PBXFileReference; lastKnownFileType = sourcecode.swift; path = SearchViewModel.swift; sourceTree = "<group>"; };
		A4964DB62C9713880055963F /* DateFormatter+Extensions.swift */ = {isa = PBXFileReference; lastKnownFileType = sourcecode.swift; path = "DateFormatter+Extensions.swift"; sourceTree = "<group>"; };
		A4964DB92C971C060055963F /* MovieDetails.swift */ = {isa = PBXFileReference; lastKnownFileType = sourcecode.swift; path = MovieDetails.swift; sourceTree = "<group>"; };
		A4964DBB2C971DD00055963F /* Video.swift */ = {isa = PBXFileReference; lastKnownFileType = sourcecode.swift; path = Video.swift; sourceTree = "<group>"; };
		A4964DBE2C971E040055963F /* VideosService.swift */ = {isa = PBXFileReference; lastKnownFileType = sourcecode.swift; path = VideosService.swift; sourceTree = "<group>"; };
		A4964DC02C971E460055963F /* VideosResponse.swift */ = {isa = PBXFileReference; lastKnownFileType = sourcecode.swift; path = VideosResponse.swift; sourceTree = "<group>"; };
		A4964DC42C9721050055963F /* YoutubePlayerViewRepresentable.swift */ = {isa = PBXFileReference; lastKnownFileType = sourcecode.swift; path = YoutubePlayerViewRepresentable.swift; sourceTree = "<group>"; };
		A4964DC82C9721D00055963F /* MovieDetailsViewModel.swift */ = {isa = PBXFileReference; lastKnownFileType = sourcecode.swift; path = MovieDetailsViewModel.swift; sourceTree = "<group>"; };
		A4964DCE2C9731460055963F /* LoadingPlayButton.swift */ = {isa = PBXFileReference; lastKnownFileType = sourcecode.swift; path = LoadingPlayButton.swift; sourceTree = "<group>"; };
		A4964DD02C9739CF0055963F /* InfoLabel.swift */ = {isa = PBXFileReference; lastKnownFileType = sourcecode.swift; path = InfoLabel.swift; sourceTree = "<group>"; };
		A4964DD42C9740DA0055963F /* WatchListItem.swift */ = {isa = PBXFileReference; lastKnownFileType = sourcecode.swift; path = WatchListItem.swift; sourceTree = "<group>"; };
		A4964DDC2C974E820055963F /* WatchList.swift */ = {isa = PBXFileReference; lastKnownFileType = sourcecode.swift; path = WatchList.swift; sourceTree = "<group>"; };
		A4964DDE2C974E950055963F /* WatchListViewModel.swift */ = {isa = PBXFileReference; lastKnownFileType = sourcecode.swift; path = WatchListViewModel.swift; sourceTree = "<group>"; };
/* End PBXFileReference section */

/* Begin PBXFrameworksBuildPhase section */
		A46E0EC32C95F8860078F023 /* Frameworks */ = {
			isa = PBXFrameworksBuildPhase;
			buildActionMask = 2147483647;
			files = (
				A4367C3E2C96C36E0001E8BA /* Kingfisher in Frameworks */,
				A46E0F272C969D800078F023 /* Moya in Frameworks */,
				A4964DC72C9721230055963F /* YouTubeiOSPlayerHelper in Frameworks */,
			);
			runOnlyForDeploymentPostprocessing = 0;
		};
		A46E0ED52C95F8870078F023 /* Frameworks */ = {
			isa = PBXFrameworksBuildPhase;
			buildActionMask = 2147483647;
			files = (
			);
			runOnlyForDeploymentPostprocessing = 0;
		};
		A46E0EDF2C95F8870078F023 /* Frameworks */ = {
			isa = PBXFrameworksBuildPhase;
			buildActionMask = 2147483647;
			files = (
			);
			runOnlyForDeploymentPostprocessing = 0;
		};
/* End PBXFrameworksBuildPhase section */

/* Begin PBXGroup section */
		A4367C342C96AA7A0001E8BA /* Frameworks */ = {
			isa = PBXGroup;
			children = (
			);
			name = Frameworks;
			sourceTree = "<group>";
		};
		A4367C3B2C96C2D40001E8BA /* DesignComponents */ = {
			isa = PBXGroup;
			children = (
				A4367C3F2C96C39B0001E8BA /* ImageView.swift */,
				A4964DA62C96F2E70055963F /* SectionsPicker.swift */,
				A4964DB22C9702330055963F /* MovieRow.swift */,
				A4964DD02C9739CF0055963F /* InfoLabel.swift */,
			);
			path = DesignComponents;
			sourceTree = "<group>";
		};
		A46E0EBD2C95F8860078F023 = {
			isa = PBXGroup;
			children = (
				A46E0EC82C95F8860078F023 /* MoviesChallenge */,
				A46E0EDB2C95F8870078F023 /* MoviesChallengeTests */,
				A46E0EE52C95F8870078F023 /* MoviesChallengeUITests */,
				A46E0EC72C95F8860078F023 /* Products */,
				A4367C342C96AA7A0001E8BA /* Frameworks */,
			);
			sourceTree = "<group>";
		};
		A46E0EC72C95F8860078F023 /* Products */ = {
			isa = PBXGroup;
			children = (
				A46E0EC62C95F8860078F023 /* MoviesChallenge.app */,
				A46E0ED82C95F8870078F023 /* MoviesChallengeTests.xctest */,
				A46E0EE22C95F8870078F023 /* MoviesChallengeUITests.xctest */,
			);
			name = Products;
			sourceTree = "<group>";
		};
		A46E0EC82C95F8860078F023 /* MoviesChallenge */ = {
			isa = PBXGroup;
			children = (
				A4964DCA2C972E920055963F /* CommonUI */,
				A4964DA82C96F6360055963F /* Protocols */,
				A46E0F1A2C9690EE0078F023 /* Extensions */,
				A46E0F132C967FDE0078F023 /* Network */,
				A46E0F102C967D6D0078F023 /* Services */,
				A46E0EFB2C9635FB0078F023 /* Model */,
				A46E0F082C9651E70078F023 /* Views */,
				A4964D962C96CD340055963F /* Utilities */,
				A46E0EC92C95F8860078F023 /* MoviesChallengeApp.swift */,
				A46E0F202C9699BA0078F023 /* Constants.swift */,
				A46E0ECF2C95F8870078F023 /* Assets.xcassets */,
				A46E0ED12C95F8870078F023 /* Preview Content */,
			);
			path = MoviesChallenge;
			sourceTree = "<group>";
		};
		A46E0ED12C95F8870078F023 /* Preview Content */ = {
			isa = PBXGroup;
			children = (
				A46E0ED22C95F8870078F023 /* Preview Assets.xcassets */,
			);
			path = "Preview Content";
			sourceTree = "<group>";
		};
		A46E0EDB2C95F8870078F023 /* MoviesChallengeTests */ = {
			isa = PBXGroup;
			children = (
				A46E0EDC2C95F8870078F023 /* MoviesChallengeTests.swift */,
			);
			path = MoviesChallengeTests;
			sourceTree = "<group>";
		};
		A46E0EE52C95F8870078F023 /* MoviesChallengeUITests */ = {
			isa = PBXGroup;
			children = (
				A46E0EE62C95F8870078F023 /* MoviesChallengeUITests.swift */,
				A46E0EE82C95F8870078F023 /* MoviesChallengeUITestsLaunchTests.swift */,
			);
			path = MoviesChallengeUITests;
			sourceTree = "<group>";
		};
		A46E0EF52C95FB9E0078F023 /* SwiftData */ = {
			isa = PBXGroup;
			children = (
				A4964DD32C9740A80055963F /* Models */,
				A46E0EF62C960B030078F023 /* ModelContainerBuilder.swift */,
				A46E0EF82C9624F80078F023 /* ModelListManager.swift */,
			);
			path = SwiftData;
			sourceTree = "<group>";
		};
		A46E0EFB2C9635FB0078F023 /* Model */ = {
			isa = PBXGroup;
			children = (
				A46E0EF52C95FB9E0078F023 /* SwiftData */,
				A46E0EFC2C9636050078F023 /* Movie.swift */,
				A46E0F002C96461F0078F023 /* Genre.swift */,
				A4964DBB2C971DD00055963F /* Video.swift */,
			);
			path = Model;
			sourceTree = "<group>";
		};
		A46E0F022C964FD20078F023 /* MainTabView */ = {
			isa = PBXGroup;
			children = (
				A46E0F0C2C96576F0078F023 /* MainTabViewModel.swift */,
				A46E0F042C9650190078F023 /* MainTabView.swift */,
				A46E0F062C9651300078F023 /* Tab.swift */,
			);
			path = MainTabView;
			sourceTree = "<group>";
		};
		A46E0F032C964FDE0078F023 /* HomeView */ = {
			isa = PBXGroup;
			children = (
				A46E0F0E2C965DD50078F023 /* HomeView.swift */,
				A4367C372C96BB7E0001E8BA /* HomeViewModel.swift */,
				A4964DAB2C96F7350055963F /* HomeCategory.swift */,
			);
			path = HomeView;
			sourceTree = "<group>";
		};
		A46E0F082C9651E70078F023 /* Views */ = {
			isa = PBXGroup;
			children = (
				A4964DD62C9741DB0055963F /* WatchList */,
				A4964DB82C971BF50055963F /* MovieDetails */,
				A4964DAF2C9701760055963F /* SearchView */,
				A46E0F032C964FDE0078F023 /* HomeView */,
				A46E0F022C964FD20078F023 /* MainTabView */,
			);
			path = Views;
			sourceTree = "<group>";
		};
		A46E0F102C967D6D0078F023 /* Services */ = {
			isa = PBXGroup;
			children = (
				A4964DBD2C971DF80055963F /* VideosService */,
				A4964D952C96CD070055963F /* ConfigurationService */,
				A4964D942C96CCF20055963F /* MovieService */,
			);
			path = Services;
			sourceTree = "<group>";
		};
		A46E0F132C967FDE0078F023 /* Network */ = {
			isa = PBXGroup;
			children = (
				A46E0F282C969D900078F023 /* MovieAPI */,
				A46E0F142C967FFB0078F023 /* NetworkManager.swift */,
				A46E0F162C9680D30078F023 /* CachePlugin.swift */,
			);
			path = Network;
			sourceTree = "<group>";
		};
		A46E0F1A2C9690EE0078F023 /* Extensions */ = {
			isa = PBXGroup;
			children = (
				A46E0F1B2C96910B0078F023 /* JSONDecoder+Extensions.swift */,
				A4964DB62C9713880055963F /* DateFormatter+Extensions.swift */,
			);
			path = Extensions;
			sourceTree = "<group>";
		};
		A46E0F282C969D900078F023 /* MovieAPI */ = {
			isa = PBXGroup;
			children = (
				A46E0F292C969E040078F023 /* MovieTarget.swift */,
			);
			path = MovieAPI;
			sourceTree = "<group>";
		};
		A4964D942C96CCF20055963F /* MovieService */ = {
			isa = PBXGroup;
			children = (
				A46E0F112C967DE00078F023 /* MovieService.swift */,
				A4367C392C96BF8D0001E8BA /* MoviePaginationResponse.swift */,
			);
			path = MovieService;
			sourceTree = "<group>";
		};
		A4964D952C96CD070055963F /* ConfigurationService */ = {
			isa = PBXGroup;
			children = (
				A4964D922C96CC990055963F /* ConfigurationService.swift */,
				A4964D972C96CD800055963F /* ConfigurationResponse.swift */,
			);
			path = ConfigurationService;
			sourceTree = "<group>";
		};
		A4964D962C96CD340055963F /* Utilities */ = {
			isa = PBXGroup;
			children = (
				A4964D9B2C96D78D0055963F /* Storage */,
				A4964D992C96D08D0055963F /* MovieAPIConfigurationSaver.swift */,
				A4964DA22C96DC680055963F /* ImageURLBuilder.swift */,
			);
			path = Utilities;
			sourceTree = "<group>";
		};
		A4964D9B2C96D78D0055963F /* Storage */ = {
			isa = PBXGroup;
			children = (
				A4964D9C2C96D7950055963F /* Storage.swift */,
				A4964DA02C96DA190055963F /* StorageKey.swift */,
			);
			path = Storage;
			sourceTree = "<group>";
		};
		A4964DA82C96F6360055963F /* Protocols */ = {
			isa = PBXGroup;
			children = (
				A4964DA92C96F6430055963F /* Titleable.swift */,
			);
			path = Protocols;
			sourceTree = "<group>";
		};
		A4964DAF2C9701760055963F /* SearchView */ = {
			isa = PBXGroup;
			children = (
				A4964DB02C9701810055963F /* SearchView.swift */,
				A4964DB42C9706040055963F /* SearchViewModel.swift */,
			);
			path = SearchView;
			sourceTree = "<group>";
		};
		A4964DB82C971BF50055963F /* MovieDetails */ = {
			isa = PBXGroup;
			children = (
				A4964DB92C971C060055963F /* MovieDetails.swift */,
				A4964DC82C9721D00055963F /* MovieDetailsViewModel.swift */,
			);
			path = MovieDetails;
			sourceTree = "<group>";
		};
		A4964DBD2C971DF80055963F /* VideosService */ = {
			isa = PBXGroup;
			children = (
				A4964DBE2C971E040055963F /* VideosService.swift */,
				A4964DC02C971E460055963F /* VideosResponse.swift */,
			);
			path = VideosService;
			sourceTree = "<group>";
		};
		A4964DC32C9720F60055963F /* Representables */ = {
			isa = PBXGroup;
			children = (
				A4964DC42C9721050055963F /* YoutubePlayerViewRepresentable.swift */,
			);
			path = Representables;
			sourceTree = "<group>";
		};
		A4964DCA2C972E920055963F /* CommonUI */ = {
			isa = PBXGroup;
			children = (
				A4964DD22C9739F90055963F /* Helpers */,
				A4964DC32C9720F60055963F /* Representables */,
				A4367C3B2C96C2D40001E8BA /* DesignComponents */,
			);
			path = CommonUI;
			sourceTree = "<group>";
		};
		A4964DD22C9739F90055963F /* Helpers */ = {
			isa = PBXGroup;
			children = (
				A4964DAD2C96F9220055963F /* VerticalGrid.swift */,
				A4964DCE2C9731460055963F /* LoadingPlayButton.swift */,
			);
			path = Helpers;
			sourceTree = "<group>";
		};
		A4964DD32C9740A80055963F /* Models */ = {
			isa = PBXGroup;
			children = (
				A4964DD42C9740DA0055963F /* WatchListItem.swift */,
			);
			path = Models;
			sourceTree = "<group>";
		};
		A4964DD62C9741DB0055963F /* WatchList */ = {
			isa = PBXGroup;
			children = (
				A4964DDC2C974E820055963F /* WatchList.swift */,
				A4964DDE2C974E950055963F /* WatchListViewModel.swift */,
			);
			path = WatchList;
			sourceTree = "<group>";
		};
/* End PBXGroup section */

/* Begin PBXNativeTarget section */
		A46E0EC52C95F8860078F023 /* MoviesChallenge */ = {
			isa = PBXNativeTarget;
			buildConfigurationList = A46E0EEC2C95F8870078F023 /* Build configuration list for PBXNativeTarget "MoviesChallenge" */;
			buildPhases = (
				A46E0EC22C95F8860078F023 /* Sources */,
				A46E0EC32C95F8860078F023 /* Frameworks */,
				A46E0EC42C95F8860078F023 /* Resources */,
			);
			buildRules = (
			);
			dependencies = (
			);
			name = MoviesChallenge;
			packageProductDependencies = (
				A46E0F262C969D800078F023 /* Moya */,
				A4367C3D2C96C36E0001E8BA /* Kingfisher */,
				A4964DC62C9721230055963F /* YouTubeiOSPlayerHelper */,
			);
			productName = MoviesChallenge;
			productReference = A46E0EC62C95F8860078F023 /* MoviesChallenge.app */;
			productType = "com.apple.product-type.application";
		};
		A46E0ED72C95F8870078F023 /* MoviesChallengeTests */ = {
			isa = PBXNativeTarget;
			buildConfigurationList = A46E0EEF2C95F8870078F023 /* Build configuration list for PBXNativeTarget "MoviesChallengeTests" */;
			buildPhases = (
				A46E0ED42C95F8870078F023 /* Sources */,
				A46E0ED52C95F8870078F023 /* Frameworks */,
				A46E0ED62C95F8870078F023 /* Resources */,
			);
			buildRules = (
			);
			dependencies = (
				A46E0EDA2C95F8870078F023 /* PBXTargetDependency */,
			);
			name = MoviesChallengeTests;
			productName = MoviesChallengeTests;
			productReference = A46E0ED82C95F8870078F023 /* MoviesChallengeTests.xctest */;
			productType = "com.apple.product-type.bundle.unit-test";
		};
		A46E0EE12C95F8870078F023 /* MoviesChallengeUITests */ = {
			isa = PBXNativeTarget;
			buildConfigurationList = A46E0EF22C95F8870078F023 /* Build configuration list for PBXNativeTarget "MoviesChallengeUITests" */;
			buildPhases = (
				A46E0EDE2C95F8870078F023 /* Sources */,
				A46E0EDF2C95F8870078F023 /* Frameworks */,
				A46E0EE02C95F8870078F023 /* Resources */,
			);
			buildRules = (
			);
			dependencies = (
				A46E0EE42C95F8870078F023 /* PBXTargetDependency */,
			);
			name = MoviesChallengeUITests;
			productName = MoviesChallengeUITests;
			productReference = A46E0EE22C95F8870078F023 /* MoviesChallengeUITests.xctest */;
			productType = "com.apple.product-type.bundle.ui-testing";
		};
/* End PBXNativeTarget section */

/* Begin PBXProject section */
		A46E0EBE2C95F8860078F023 /* Project object */ = {
			isa = PBXProject;
			attributes = {
				BuildIndependentTargetsInParallel = 1;
				LastSwiftUpdateCheck = 1540;
				LastUpgradeCheck = 1540;
				TargetAttributes = {
					A46E0EC52C95F8860078F023 = {
						CreatedOnToolsVersion = 15.4;
					};
					A46E0ED72C95F8870078F023 = {
						CreatedOnToolsVersion = 15.4;
						TestTargetID = A46E0EC52C95F8860078F023;
					};
					A46E0EE12C95F8870078F023 = {
						CreatedOnToolsVersion = 15.4;
						TestTargetID = A46E0EC52C95F8860078F023;
					};
				};
			};
			buildConfigurationList = A46E0EC12C95F8860078F023 /* Build configuration list for PBXProject "MoviesChallenge" */;
			compatibilityVersion = "Xcode 14.0";
			developmentRegion = en;
			hasScannedForEncodings = 0;
			knownRegions = (
				en,
				Base,
			);
			mainGroup = A46E0EBD2C95F8860078F023;
			packageReferences = (
				A46E0F252C969D800078F023 /* XCRemoteSwiftPackageReference "Moya" */,
				A4367C3C2C96C36E0001E8BA /* XCRemoteSwiftPackageReference "Kingfisher" */,
				A4964DC22C9720B40055963F /* XCRemoteSwiftPackageReference "youtube-ios-player-helper" */,
			);
			productRefGroup = A46E0EC72C95F8860078F023 /* Products */;
			projectDirPath = "";
			projectRoot = "";
			targets = (
				A46E0EC52C95F8860078F023 /* MoviesChallenge */,
				A46E0ED72C95F8870078F023 /* MoviesChallengeTests */,
				A46E0EE12C95F8870078F023 /* MoviesChallengeUITests */,
			);
		};
/* End PBXProject section */

/* Begin PBXResourcesBuildPhase section */
		A46E0EC42C95F8860078F023 /* Resources */ = {
			isa = PBXResourcesBuildPhase;
			buildActionMask = 2147483647;
			files = (
				A46E0ED32C95F8870078F023 /* Preview Assets.xcassets in Resources */,
				A46E0ED02C95F8870078F023 /* Assets.xcassets in Resources */,
			);
			runOnlyForDeploymentPostprocessing = 0;
		};
		A46E0ED62C95F8870078F023 /* Resources */ = {
			isa = PBXResourcesBuildPhase;
			buildActionMask = 2147483647;
			files = (
			);
			runOnlyForDeploymentPostprocessing = 0;
		};
		A46E0EE02C95F8870078F023 /* Resources */ = {
			isa = PBXResourcesBuildPhase;
			buildActionMask = 2147483647;
			files = (
			);
			runOnlyForDeploymentPostprocessing = 0;
		};
/* End PBXResourcesBuildPhase section */

/* Begin PBXSourcesBuildPhase section */
		A46E0EC22C95F8860078F023 /* Sources */ = {
			isa = PBXSourcesBuildPhase;
			buildActionMask = 2147483647;
			files = (
				A4964DC12C971E460055963F /* VideosResponse.swift in Sources */,
				A46E0EF92C9624F80078F023 /* ModelListManager.swift in Sources */,
				A4964DB32C9702330055963F /* MovieRow.swift in Sources */,
				A4964DAE2C96F9220055963F /* VerticalGrid.swift in Sources */,
				A4964DA12C96DA190055963F /* StorageKey.swift in Sources */,
				A4964DDD2C974E820055963F /* WatchList.swift in Sources */,
				A4964DB12C9701810055963F /* SearchView.swift in Sources */,
				A4964DBA2C971C060055963F /* MovieDetails.swift in Sources */,
				A4367C382C96BB7E0001E8BA /* HomeViewModel.swift in Sources */,
				A4964DB72C9713880055963F /* DateFormatter+Extensions.swift in Sources */,
				A4964D9D2C96D7950055963F /* Storage.swift in Sources */,
				A46E0F1C2C96910B0078F023 /* JSONDecoder+Extensions.swift in Sources */,
				A46E0EFD2C9636050078F023 /* Movie.swift in Sources */,
				A4964DBC2C971DD00055963F /* Video.swift in Sources */,
				A46E0F152C967FFB0078F023 /* NetworkManager.swift in Sources */,
				A4964D9A2C96D08D0055963F /* MovieAPIConfigurationSaver.swift in Sources */,
				A4964DD52C9740DA0055963F /* WatchListItem.swift in Sources */,
				A4964DBF2C971E040055963F /* VideosService.swift in Sources */,
				A4964DAA2C96F6430055963F /* Titleable.swift in Sources */,
				A46E0F052C9650190078F023 /* MainTabView.swift in Sources */,
				A4964DDF2C974E950055963F /* WatchListViewModel.swift in Sources */,
				A4367C3A2C96BF8D0001E8BA /* MoviePaginationResponse.swift in Sources */,
				A46E0EF72C960B030078F023 /* ModelContainerBuilder.swift in Sources */,
				A46E0F0F2C965DD50078F023 /* HomeView.swift in Sources */,
				A46E0F122C967DE00078F023 /* MovieService.swift in Sources */,
				A4964DAC2C96F7350055963F /* HomeCategory.swift in Sources */,
				A4964D932C96CC990055963F /* ConfigurationService.swift in Sources */,
				A4964DA32C96DC680055963F /* ImageURLBuilder.swift in Sources */,
				A4367C402C96C39B0001E8BA /* ImageView.swift in Sources */,
				A4964DC92C9721D00055963F /* MovieDetailsViewModel.swift in Sources */,
				A46E0F072C9651300078F023 /* Tab.swift in Sources */,
				A4964DA72C96F2E70055963F /* SectionsPicker.swift in Sources */,
				A4964DC52C9721050055963F /* YoutubePlayerViewRepresentable.swift in Sources */,
				A4964DD12C9739CF0055963F /* InfoLabel.swift in Sources */,
				A46E0ECA2C95F8860078F023 /* MoviesChallengeApp.swift in Sources */,
				A4964DB52C9706040055963F /* SearchViewModel.swift in Sources */,
				A46E0F012C96461F0078F023 /* Genre.swift in Sources */,
				A46E0F172C9680D30078F023 /* CachePlugin.swift in Sources */,
				A46E0F2A2C969E040078F023 /* MovieTarget.swift in Sources */,
				A4964D982C96CD800055963F /* ConfigurationResponse.swift in Sources */,
				A46E0F0D2C96576F0078F023 /* MainTabViewModel.swift in Sources */,
				A4964DCF2C9731460055963F /* LoadingPlayButton.swift in Sources */,
				A46E0F212C9699BA0078F023 /* Constants.swift in Sources */,
			);
			runOnlyForDeploymentPostprocessing = 0;
		};
		A46E0ED42C95F8870078F023 /* Sources */ = {
			isa = PBXSourcesBuildPhase;
			buildActionMask = 2147483647;
			files = (
				A46E0EDD2C95F8870078F023 /* MoviesChallengeTests.swift in Sources */,
			);
			runOnlyForDeploymentPostprocessing = 0;
		};
		A46E0EDE2C95F8870078F023 /* Sources */ = {
			isa = PBXSourcesBuildPhase;
			buildActionMask = 2147483647;
			files = (
				A46E0EE72C95F8870078F023 /* MoviesChallengeUITests.swift in Sources */,
				A46E0EE92C95F8870078F023 /* MoviesChallengeUITestsLaunchTests.swift in Sources */,
			);
			runOnlyForDeploymentPostprocessing = 0;
		};
/* End PBXSourcesBuildPhase section */

/* Begin PBXTargetDependency section */
		A46E0EDA2C95F8870078F023 /* PBXTargetDependency */ = {
			isa = PBXTargetDependency;
			target = A46E0EC52C95F8860078F023 /* MoviesChallenge */;
			targetProxy = A46E0ED92C95F8870078F023 /* PBXContainerItemProxy */;
		};
		A46E0EE42C95F8870078F023 /* PBXTargetDependency */ = {
			isa = PBXTargetDependency;
			target = A46E0EC52C95F8860078F023 /* MoviesChallenge */;
			targetProxy = A46E0EE32C95F8870078F023 /* PBXContainerItemProxy */;
		};
/* End PBXTargetDependency section */

/* Begin XCBuildConfiguration section */
		A46E0EEA2C95F8870078F023 /* Debug */ = {
			isa = XCBuildConfiguration;
			buildSettings = {
				ALWAYS_SEARCH_USER_PATHS = NO;
				ASSETCATALOG_COMPILER_GENERATE_SWIFT_ASSET_SYMBOL_EXTENSIONS = YES;
				CLANG_ANALYZER_NONNULL = YES;
				CLANG_ANALYZER_NUMBER_OBJECT_CONVERSION = YES_AGGRESSIVE;
				CLANG_CXX_LANGUAGE_STANDARD = "gnu++20";
				CLANG_ENABLE_MODULES = YES;
				CLANG_ENABLE_OBJC_ARC = YES;
				CLANG_ENABLE_OBJC_WEAK = YES;
				CLANG_WARN_BLOCK_CAPTURE_AUTORELEASING = YES;
				CLANG_WARN_BOOL_CONVERSION = YES;
				CLANG_WARN_COMMA = YES;
				CLANG_WARN_CONSTANT_CONVERSION = YES;
				CLANG_WARN_DEPRECATED_OBJC_IMPLEMENTATIONS = YES;
				CLANG_WARN_DIRECT_OBJC_ISA_USAGE = YES_ERROR;
				CLANG_WARN_DOCUMENTATION_COMMENTS = YES;
				CLANG_WARN_EMPTY_BODY = YES;
				CLANG_WARN_ENUM_CONVERSION = YES;
				CLANG_WARN_INFINITE_RECURSION = YES;
				CLANG_WARN_INT_CONVERSION = YES;
				CLANG_WARN_NON_LITERAL_NULL_CONVERSION = YES;
				CLANG_WARN_OBJC_IMPLICIT_RETAIN_SELF = YES;
				CLANG_WARN_OBJC_LITERAL_CONVERSION = YES;
				CLANG_WARN_OBJC_ROOT_CLASS = YES_ERROR;
				CLANG_WARN_QUOTED_INCLUDE_IN_FRAMEWORK_HEADER = YES;
				CLANG_WARN_RANGE_LOOP_ANALYSIS = YES;
				CLANG_WARN_STRICT_PROTOTYPES = YES;
				CLANG_WARN_SUSPICIOUS_MOVE = YES;
				CLANG_WARN_UNGUARDED_AVAILABILITY = YES_AGGRESSIVE;
				CLANG_WARN_UNREACHABLE_CODE = YES;
				CLANG_WARN__DUPLICATE_METHOD_MATCH = YES;
				COPY_PHASE_STRIP = NO;
				DEBUG_INFORMATION_FORMAT = dwarf;
				ENABLE_STRICT_OBJC_MSGSEND = YES;
				ENABLE_TESTABILITY = YES;
				ENABLE_USER_SCRIPT_SANDBOXING = YES;
				GCC_C_LANGUAGE_STANDARD = gnu17;
				GCC_DYNAMIC_NO_PIC = NO;
				GCC_NO_COMMON_BLOCKS = YES;
				GCC_OPTIMIZATION_LEVEL = 0;
				GCC_PREPROCESSOR_DEFINITIONS = (
					"DEBUG=1",
					"$(inherited)",
				);
				GCC_WARN_64_TO_32_BIT_CONVERSION = YES;
				GCC_WARN_ABOUT_RETURN_TYPE = YES_ERROR;
				GCC_WARN_UNDECLARED_SELECTOR = YES;
				GCC_WARN_UNINITIALIZED_AUTOS = YES_AGGRESSIVE;
				GCC_WARN_UNUSED_FUNCTION = YES;
				GCC_WARN_UNUSED_VARIABLE = YES;
				IPHONEOS_DEPLOYMENT_TARGET = 17.5;
				LOCALIZATION_PREFERS_STRING_CATALOGS = YES;
				MTL_ENABLE_DEBUG_INFO = INCLUDE_SOURCE;
				MTL_FAST_MATH = YES;
				ONLY_ACTIVE_ARCH = YES;
				SDKROOT = iphoneos;
				SWIFT_ACTIVE_COMPILATION_CONDITIONS = "DEBUG $(inherited)";
				SWIFT_OPTIMIZATION_LEVEL = "-Onone";
			};
			name = Debug;
		};
		A46E0EEB2C95F8870078F023 /* Release */ = {
			isa = XCBuildConfiguration;
			buildSettings = {
				ALWAYS_SEARCH_USER_PATHS = NO;
				ASSETCATALOG_COMPILER_GENERATE_SWIFT_ASSET_SYMBOL_EXTENSIONS = YES;
				CLANG_ANALYZER_NONNULL = YES;
				CLANG_ANALYZER_NUMBER_OBJECT_CONVERSION = YES_AGGRESSIVE;
				CLANG_CXX_LANGUAGE_STANDARD = "gnu++20";
				CLANG_ENABLE_MODULES = YES;
				CLANG_ENABLE_OBJC_ARC = YES;
				CLANG_ENABLE_OBJC_WEAK = YES;
				CLANG_WARN_BLOCK_CAPTURE_AUTORELEASING = YES;
				CLANG_WARN_BOOL_CONVERSION = YES;
				CLANG_WARN_COMMA = YES;
				CLANG_WARN_CONSTANT_CONVERSION = YES;
				CLANG_WARN_DEPRECATED_OBJC_IMPLEMENTATIONS = YES;
				CLANG_WARN_DIRECT_OBJC_ISA_USAGE = YES_ERROR;
				CLANG_WARN_DOCUMENTATION_COMMENTS = YES;
				CLANG_WARN_EMPTY_BODY = YES;
				CLANG_WARN_ENUM_CONVERSION = YES;
				CLANG_WARN_INFINITE_RECURSION = YES;
				CLANG_WARN_INT_CONVERSION = YES;
				CLANG_WARN_NON_LITERAL_NULL_CONVERSION = YES;
				CLANG_WARN_OBJC_IMPLICIT_RETAIN_SELF = YES;
				CLANG_WARN_OBJC_LITERAL_CONVERSION = YES;
				CLANG_WARN_OBJC_ROOT_CLASS = YES_ERROR;
				CLANG_WARN_QUOTED_INCLUDE_IN_FRAMEWORK_HEADER = YES;
				CLANG_WARN_RANGE_LOOP_ANALYSIS = YES;
				CLANG_WARN_STRICT_PROTOTYPES = YES;
				CLANG_WARN_SUSPICIOUS_MOVE = YES;
				CLANG_WARN_UNGUARDED_AVAILABILITY = YES_AGGRESSIVE;
				CLANG_WARN_UNREACHABLE_CODE = YES;
				CLANG_WARN__DUPLICATE_METHOD_MATCH = YES;
				COPY_PHASE_STRIP = NO;
				DEBUG_INFORMATION_FORMAT = "dwarf-with-dsym";
				ENABLE_NS_ASSERTIONS = NO;
				ENABLE_STRICT_OBJC_MSGSEND = YES;
				ENABLE_USER_SCRIPT_SANDBOXING = YES;
				GCC_C_LANGUAGE_STANDARD = gnu17;
				GCC_NO_COMMON_BLOCKS = YES;
				GCC_WARN_64_TO_32_BIT_CONVERSION = YES;
				GCC_WARN_ABOUT_RETURN_TYPE = YES_ERROR;
				GCC_WARN_UNDECLARED_SELECTOR = YES;
				GCC_WARN_UNINITIALIZED_AUTOS = YES_AGGRESSIVE;
				GCC_WARN_UNUSED_FUNCTION = YES;
				GCC_WARN_UNUSED_VARIABLE = YES;
				IPHONEOS_DEPLOYMENT_TARGET = 17.5;
				LOCALIZATION_PREFERS_STRING_CATALOGS = YES;
				MTL_ENABLE_DEBUG_INFO = NO;
				MTL_FAST_MATH = YES;
				SDKROOT = iphoneos;
				SWIFT_COMPILATION_MODE = wholemodule;
				VALIDATE_PRODUCT = YES;
			};
			name = Release;
		};
		A46E0EED2C95F8870078F023 /* Debug */ = {
			isa = XCBuildConfiguration;
			buildSettings = {
				ASSETCATALOG_COMPILER_APPICON_NAME = AppIcon;
				ASSETCATALOG_COMPILER_GLOBAL_ACCENT_COLOR_NAME = AccentColor;
				CODE_SIGN_STYLE = Automatic;
				CURRENT_PROJECT_VERSION = 1;
				DEVELOPMENT_ASSET_PATHS = "\"MoviesChallenge/Preview Content\"";
				DEVELOPMENT_TEAM = NFRX468U5J;
				ENABLE_PREVIEWS = YES;
				GENERATE_INFOPLIST_FILE = YES;
				INFOPLIST_KEY_UIApplicationSceneManifest_Generation = YES;
				INFOPLIST_KEY_UIApplicationSupportsIndirectInputEvents = YES;
				INFOPLIST_KEY_UILaunchScreen_Generation = YES;
				INFOPLIST_KEY_UISupportedInterfaceOrientations_iPad = "UIInterfaceOrientationPortrait UIInterfaceOrientationPortraitUpsideDown UIInterfaceOrientationLandscapeLeft UIInterfaceOrientationLandscapeRight";
				INFOPLIST_KEY_UISupportedInterfaceOrientations_iPhone = "UIInterfaceOrientationPortrait UIInterfaceOrientationLandscapeLeft UIInterfaceOrientationLandscapeRight";
				LD_RUNPATH_SEARCH_PATHS = (
					"$(inherited)",
					"@executable_path/Frameworks",
				);
				MARKETING_VERSION = 1.0;
				PRODUCT_BUNDLE_IDENTIFIER = adrianagutierrez.MoviesChallenge;
				PRODUCT_NAME = "$(TARGET_NAME)";
				SWIFT_EMIT_LOC_STRINGS = YES;
				SWIFT_VERSION = 5.0;
				TARGETED_DEVICE_FAMILY = "1,2";
			};
			name = Debug;
		};
		A46E0EEE2C95F8870078F023 /* Release */ = {
			isa = XCBuildConfiguration;
			buildSettings = {
				ASSETCATALOG_COMPILER_APPICON_NAME = AppIcon;
				ASSETCATALOG_COMPILER_GLOBAL_ACCENT_COLOR_NAME = AccentColor;
				CODE_SIGN_STYLE = Automatic;
				CURRENT_PROJECT_VERSION = 1;
				DEVELOPMENT_ASSET_PATHS = "\"MoviesChallenge/Preview Content\"";
				DEVELOPMENT_TEAM = NFRX468U5J;
				ENABLE_PREVIEWS = YES;
				GENERATE_INFOPLIST_FILE = YES;
				INFOPLIST_KEY_UIApplicationSceneManifest_Generation = YES;
				INFOPLIST_KEY_UIApplicationSupportsIndirectInputEvents = YES;
				INFOPLIST_KEY_UILaunchScreen_Generation = YES;
				INFOPLIST_KEY_UISupportedInterfaceOrientations_iPad = "UIInterfaceOrientationPortrait UIInterfaceOrientationPortraitUpsideDown UIInterfaceOrientationLandscapeLeft UIInterfaceOrientationLandscapeRight";
				INFOPLIST_KEY_UISupportedInterfaceOrientations_iPhone = "UIInterfaceOrientationPortrait UIInterfaceOrientationLandscapeLeft UIInterfaceOrientationLandscapeRight";
				LD_RUNPATH_SEARCH_PATHS = (
					"$(inherited)",
					"@executable_path/Frameworks",
				);
				MARKETING_VERSION = 1.0;
				PRODUCT_BUNDLE_IDENTIFIER = adrianagutierrez.MoviesChallenge;
				PRODUCT_NAME = "$(TARGET_NAME)";
				SWIFT_EMIT_LOC_STRINGS = YES;
				SWIFT_VERSION = 5.0;
				TARGETED_DEVICE_FAMILY = "1,2";
			};
			name = Release;
		};
		A46E0EF02C95F8870078F023 /* Debug */ = {
			isa = XCBuildConfiguration;
			buildSettings = {
				ALWAYS_EMBED_SWIFT_STANDARD_LIBRARIES = YES;
				BUNDLE_LOADER = "$(TEST_HOST)";
				CODE_SIGN_STYLE = Automatic;
				CURRENT_PROJECT_VERSION = 1;
				DEVELOPMENT_TEAM = NFRX468U5J;
				GENERATE_INFOPLIST_FILE = YES;
				IPHONEOS_DEPLOYMENT_TARGET = 17.5;
				MARKETING_VERSION = 1.0;
				PRODUCT_BUNDLE_IDENTIFIER = adrianagutierrez.MoviesChallengeTests;
				PRODUCT_NAME = "$(TARGET_NAME)";
				SWIFT_EMIT_LOC_STRINGS = NO;
				SWIFT_VERSION = 5.0;
				TARGETED_DEVICE_FAMILY = "1,2";
				TEST_HOST = "$(BUILT_PRODUCTS_DIR)/MoviesChallenge.app/$(BUNDLE_EXECUTABLE_FOLDER_PATH)/MoviesChallenge";
			};
			name = Debug;
		};
		A46E0EF12C95F8870078F023 /* Release */ = {
			isa = XCBuildConfiguration;
			buildSettings = {
				ALWAYS_EMBED_SWIFT_STANDARD_LIBRARIES = YES;
				BUNDLE_LOADER = "$(TEST_HOST)";
				CODE_SIGN_STYLE = Automatic;
				CURRENT_PROJECT_VERSION = 1;
				DEVELOPMENT_TEAM = NFRX468U5J;
				GENERATE_INFOPLIST_FILE = YES;
				IPHONEOS_DEPLOYMENT_TARGET = 17.5;
				MARKETING_VERSION = 1.0;
				PRODUCT_BUNDLE_IDENTIFIER = adrianagutierrez.MoviesChallengeTests;
				PRODUCT_NAME = "$(TARGET_NAME)";
				SWIFT_EMIT_LOC_STRINGS = NO;
				SWIFT_VERSION = 5.0;
				TARGETED_DEVICE_FAMILY = "1,2";
				TEST_HOST = "$(BUILT_PRODUCTS_DIR)/MoviesChallenge.app/$(BUNDLE_EXECUTABLE_FOLDER_PATH)/MoviesChallenge";
			};
			name = Release;
		};
		A46E0EF32C95F8870078F023 /* Debug */ = {
			isa = XCBuildConfiguration;
			buildSettings = {
				ALWAYS_EMBED_SWIFT_STANDARD_LIBRARIES = YES;
				CODE_SIGN_STYLE = Automatic;
				CURRENT_PROJECT_VERSION = 1;
				DEVELOPMENT_TEAM = NFRX468U5J;
				GENERATE_INFOPLIST_FILE = YES;
				MARKETING_VERSION = 1.0;
				PRODUCT_BUNDLE_IDENTIFIER = adrianagutierrez.MoviesChallengeUITests;
				PRODUCT_NAME = "$(TARGET_NAME)";
				SWIFT_EMIT_LOC_STRINGS = NO;
				SWIFT_VERSION = 5.0;
				TARGETED_DEVICE_FAMILY = "1,2";
				TEST_TARGET_NAME = MoviesChallenge;
			};
			name = Debug;
		};
		A46E0EF42C95F8870078F023 /* Release */ = {
			isa = XCBuildConfiguration;
			buildSettings = {
				ALWAYS_EMBED_SWIFT_STANDARD_LIBRARIES = YES;
				CODE_SIGN_STYLE = Automatic;
				CURRENT_PROJECT_VERSION = 1;
				DEVELOPMENT_TEAM = NFRX468U5J;
				GENERATE_INFOPLIST_FILE = YES;
				MARKETING_VERSION = 1.0;
				PRODUCT_BUNDLE_IDENTIFIER = adrianagutierrez.MoviesChallengeUITests;
				PRODUCT_NAME = "$(TARGET_NAME)";
				SWIFT_EMIT_LOC_STRINGS = NO;
				SWIFT_VERSION = 5.0;
				TARGETED_DEVICE_FAMILY = "1,2";
				TEST_TARGET_NAME = MoviesChallenge;
			};
			name = Release;
		};
/* End XCBuildConfiguration section */

/* Begin XCConfigurationList section */
		A46E0EC12C95F8860078F023 /* Build configuration list for PBXProject "MoviesChallenge" */ = {
			isa = XCConfigurationList;
			buildConfigurations = (
				A46E0EEA2C95F8870078F023 /* Debug */,
				A46E0EEB2C95F8870078F023 /* Release */,
			);
			defaultConfigurationIsVisible = 0;
			defaultConfigurationName = Release;
		};
		A46E0EEC2C95F8870078F023 /* Build configuration list for PBXNativeTarget "MoviesChallenge" */ = {
			isa = XCConfigurationList;
			buildConfigurations = (
				A46E0EED2C95F8870078F023 /* Debug */,
				A46E0EEE2C95F8870078F023 /* Release */,
			);
			defaultConfigurationIsVisible = 0;
			defaultConfigurationName = Release;
		};
		A46E0EEF2C95F8870078F023 /* Build configuration list for PBXNativeTarget "MoviesChallengeTests" */ = {
			isa = XCConfigurationList;
			buildConfigurations = (
				A46E0EF02C95F8870078F023 /* Debug */,
				A46E0EF12C95F8870078F023 /* Release */,
			);
			defaultConfigurationIsVisible = 0;
			defaultConfigurationName = Release;
		};
		A46E0EF22C95F8870078F023 /* Build configuration list for PBXNativeTarget "MoviesChallengeUITests" */ = {
			isa = XCConfigurationList;
			buildConfigurations = (
				A46E0EF32C95F8870078F023 /* Debug */,
				A46E0EF42C95F8870078F023 /* Release */,
			);
			defaultConfigurationIsVisible = 0;
			defaultConfigurationName = Release;
		};
/* End XCConfigurationList section */

/* Begin XCRemoteSwiftPackageReference section */
		A4367C3C2C96C36E0001E8BA /* XCRemoteSwiftPackageReference "Kingfisher" */ = {
			isa = XCRemoteSwiftPackageReference;
			repositoryURL = "https://github.com/onevcat/Kingfisher.git";
			requirement = {
				kind = upToNextMajorVersion;
				minimumVersion = 7.12.0;
			};
		};
		A46E0F252C969D800078F023 /* XCRemoteSwiftPackageReference "Moya" */ = {
			isa = XCRemoteSwiftPackageReference;
			repositoryURL = "https://github.com/Moya/Moya.git";
			requirement = {
				kind = upToNextMajorVersion;
				minimumVersion = 15.0.3;
			};
		};
		A4964DC22C9720B40055963F /* XCRemoteSwiftPackageReference "youtube-ios-player-helper" */ = {
			isa = XCRemoteSwiftPackageReference;
			repositoryURL = "https://github.com/youtube/youtube-ios-player-helper.git";
			requirement = {
				kind = upToNextMajorVersion;
				minimumVersion = 1.0.4;
			};
		};
/* End XCRemoteSwiftPackageReference section */

/* Begin XCSwiftPackageProductDependency section */
		A4367C3D2C96C36E0001E8BA /* Kingfisher */ = {
			isa = XCSwiftPackageProductDependency;
			package = A4367C3C2C96C36E0001E8BA /* XCRemoteSwiftPackageReference "Kingfisher" */;
			productName = Kingfisher;
		};
		A46E0F262C969D800078F023 /* Moya */ = {
			isa = XCSwiftPackageProductDependency;
			package = A46E0F252C969D800078F023 /* XCRemoteSwiftPackageReference "Moya" */;
			productName = Moya;
		};
		A4964DC62C9721230055963F /* YouTubeiOSPlayerHelper */ = {
			isa = XCSwiftPackageProductDependency;
			package = A4964DC22C9720B40055963F /* XCRemoteSwiftPackageReference "youtube-ios-player-helper" */;
			productName = YouTubeiOSPlayerHelper;
		};
/* End XCSwiftPackageProductDependency section */
	};
	rootObject = A46E0EBE2C95F8860078F023 /* Project object */;
}
